// !$*UTF8*$!
{
	archiveVersion = 1;
	classes = {
	};
	objectVersion = 56;
	objects = {

/* Begin PBXBuildFile section */
		44BBA6632945CC51003601FA /* AppDelegate.swift in Sources */ = {isa = PBXBuildFile; fileRef = 44BBA6622945CC51003601FA /* AppDelegate.swift */; };
		44BBA6652945CC51003601FA /* SceneDelegate.swift in Sources */ = {isa = PBXBuildFile; fileRef = 44BBA6642945CC51003601FA /* SceneDelegate.swift */; };
		44BBA6672945CC51003601FA /* ViewController.swift in Sources */ = {isa = PBXBuildFile; fileRef = 44BBA6662945CC51003601FA /* ViewController.swift */; };
		44BBA66C2945CC53003601FA /* Assets.xcassets in Resources */ = {isa = PBXBuildFile; fileRef = 44BBA66B2945CC53003601FA /* Assets.xcassets */; };
		44BBA66F2945CC53003601FA /* LaunchScreen.storyboard in Resources */ = {isa = PBXBuildFile; fileRef = 44BBA66D2945CC53003601FA /* LaunchScreen.storyboard */; };
		44BBA6782945CF96003601FA /* View+Extension.swift in Sources */ = {isa = PBXBuildFile; fileRef = 44BBA6772945CF96003601FA /* View+Extension.swift */; };
		44C4623B29463121004CC83F /* VideoModel.swift in Sources */ = {isa = PBXBuildFile; fileRef = 44C4623A29463121004CC83F /* VideoModel.swift */; };
		44C4623E29463222004CC83F /* VideoTableViewCell.swift in Sources */ = {isa = PBXBuildFile; fileRef = 44C4623D29463222004CC83F /* VideoTableViewCell.swift */; };
		44C46240294638B6004CC83F /* DetailViewController.swift in Sources */ = {isa = PBXBuildFile; fileRef = 44C4623F294638B6004CC83F /* DetailViewController.swift */; };
		44C462422946410C004CC83F /* WebViewController.swift in Sources */ = {isa = PBXBuildFile; fileRef = 44C462412946410C004CC83F /* WebViewController.swift */; };
		B8FFD30F6C00D545048293E7 /* Pods_WebViewVideo.framework in Frameworks */ = {isa = PBXBuildFile; fileRef = B8872878EDA93AE7AE801784 /* Pods_WebViewVideo.framework */; };
/* End PBXBuildFile section */

/* Begin PBXFileReference section */
		44BBA65F2945CC51003601FA /* WebViewVideo.app */ = {isa = PBXFileReference; explicitFileType = wrapper.application; includeInIndex = 0; path = WebViewVideo.app; sourceTree = BUILT_PRODUCTS_DIR; };
		44BBA6622945CC51003601FA /* AppDelegate.swift */ = {isa = PBXFileReference; lastKnownFileType = sourcecode.swift; path = AppDelegate.swift; sourceTree = "<group>"; };
		44BBA6642945CC51003601FA /* SceneDelegate.swift */ = {isa = PBXFileReference; lastKnownFileType = sourcecode.swift; path = SceneDelegate.swift; sourceTree = "<group>"; };
		44BBA6662945CC51003601FA /* ViewController.swift */ = {isa = PBXFileReference; lastKnownFileType = sourcecode.swift; path = ViewController.swift; sourceTree = "<group>"; };
		44BBA66B2945CC53003601FA /* Assets.xcassets */ = {isa = PBXFileReference; lastKnownFileType = folder.assetcatalog; path = Assets.xcassets; sourceTree = "<group>"; };
		44BBA66E2945CC53003601FA /* Base */ = {isa = PBXFileReference; lastKnownFileType = file.storyboard; name = Base; path = Base.lproj/LaunchScreen.storyboard; sourceTree = "<group>"; };
		44BBA6702945CC53003601FA /* Info.plist */ = {isa = PBXFileReference; lastKnownFileType = text.plist.xml; path = Info.plist; sourceTree = "<group>"; };
		44BBA6772945CF96003601FA /* View+Extension.swift */ = {isa = PBXFileReference; lastKnownFileType = sourcecode.swift; path = "View+Extension.swift"; sourceTree = "<group>"; };
		44C4623A29463121004CC83F /* VideoModel.swift */ = {isa = PBXFileReference; lastKnownFileType = sourcecode.swift; path = VideoModel.swift; sourceTree = "<group>"; };
		44C4623D29463222004CC83F /* VideoTableViewCell.swift */ = {isa = PBXFileReference; lastKnownFileType = sourcecode.swift; path = VideoTableViewCell.swift; sourceTree = "<group>"; };
		44C4623F294638B6004CC83F /* DetailViewController.swift */ = {isa = PBXFileReference; lastKnownFileType = sourcecode.swift; path = DetailViewController.swift; sourceTree = "<group>"; };
		44C462412946410C004CC83F /* WebViewController.swift */ = {isa = PBXFileReference; lastKnownFileType = sourcecode.swift; path = WebViewController.swift; sourceTree = "<group>"; };
		82E84A9400125C2E492148F4 /* Pods-WebViewVideo.debug.xcconfig */ = {isa = PBXFileReference; includeInIndex = 1; lastKnownFileType = text.xcconfig; name = "Pods-WebViewVideo.debug.xcconfig"; path = "Target Support Files/Pods-WebViewVideo/Pods-WebViewVideo.debug.xcconfig"; sourceTree = "<group>"; };
		B8872878EDA93AE7AE801784 /* Pods_WebViewVideo.framework */ = {isa = PBXFileReference; explicitFileType = wrapper.framework; includeInIndex = 0; path = Pods_WebViewVideo.framework; sourceTree = BUILT_PRODUCTS_DIR; };
		FC1D691CF72941A3BF6FA1C7 /* Pods-WebViewVideo.release.xcconfig */ = {isa = PBXFileReference; includeInIndex = 1; lastKnownFileType = text.xcconfig; name = "Pods-WebViewVideo.release.xcconfig"; path = "Target Support Files/Pods-WebViewVideo/Pods-WebViewVideo.release.xcconfig"; sourceTree = "<group>"; };
/* End PBXFileReference section */

/* Begin PBXFrameworksBuildPhase section */
		44BBA65C2945CC51003601FA /* Frameworks */ = {
			isa = PBXFrameworksBuildPhase;
			buildActionMask = 2147483647;
			files = (
				B8FFD30F6C00D545048293E7 /* Pods_WebViewVideo.framework in Frameworks */,
			);
			runOnlyForDeploymentPostprocessing = 0;
		};
/* End PBXFrameworksBuildPhase section */

/* Begin PBXGroup section */
		30ED05577D815200068DE70F /* Frameworks */ = {
			isa = PBXGroup;
			children = (
				B8872878EDA93AE7AE801784 /* Pods_WebViewVideo.framework */,
			);
			name = Frameworks;
			sourceTree = "<group>";
		};
		44BBA6562945CC51003601FA = {
			isa = PBXGroup;
			children = (
				44BBA6612945CC51003601FA /* WebViewVideo */,
				44BBA6602945CC51003601FA /* Products */,
				DF3531AC45783452DA396D13 /* Pods */,
				30ED05577D815200068DE70F /* Frameworks */,
			);
			sourceTree = "<group>";
		};
		44BBA6602945CC51003601FA /* Products */ = {
			isa = PBXGroup;
			children = (
				44BBA65F2945CC51003601FA /* WebViewVideo.app */,
			);
			name = Products;
			sourceTree = "<group>";
		};
		44BBA6612945CC51003601FA /* WebViewVideo */ = {
			isa = PBXGroup;
			children = (
				44C4623C2946320F004CC83F /* Views */,
				44C4623929463116004CC83F /* Models */,
				44BBA6762945CF8A003601FA /* Extensions */,
				44BBA6622945CC51003601FA /* AppDelegate.swift */,
				44BBA6642945CC51003601FA /* SceneDelegate.swift */,
				44BBA6662945CC51003601FA /* ViewController.swift */,
				44BBA66B2945CC53003601FA /* Assets.xcassets */,
				44BBA66D2945CC53003601FA /* LaunchScreen.storyboard */,
				44BBA6702945CC53003601FA /* Info.plist */,
				44C4623F294638B6004CC83F /* DetailViewController.swift */,
				44C462412946410C004CC83F /* WebViewController.swift */,
			);
			path = WebViewVideo;
			sourceTree = "<group>";
		};
		44BBA6762945CF8A003601FA /* Extensions */ = {
			isa = PBXGroup;
			children = (
				44BBA6772945CF96003601FA /* View+Extension.swift */,
			);
			path = Extensions;
			sourceTree = "<group>";
		};
		44C4623929463116004CC83F /* Models */ = {
			isa = PBXGroup;
			children = (
				44C4623A29463121004CC83F /* VideoModel.swift */,
			);
			path = Models;
			sourceTree = "<group>";
		};
		44C4623C2946320F004CC83F /* Views */ = {
			isa = PBXGroup;
			children = (
				44C4623D29463222004CC83F /* VideoTableViewCell.swift */,
			);
			path = Views;
			sourceTree = "<group>";
		};
		DF3531AC45783452DA396D13 /* Pods */ = {
			isa = PBXGroup;
			children = (
				82E84A9400125C2E492148F4 /* Pods-WebViewVideo.debug.xcconfig */,
				FC1D691CF72941A3BF6FA1C7 /* Pods-WebViewVideo.release.xcconfig */,
			);
			path = Pods;
			sourceTree = "<group>";
		};
/* End PBXGroup section */

/* Begin PBXNativeTarget section */
		44BBA65E2945CC51003601FA /* WebViewVideo */ = {
			isa = PBXNativeTarget;
			buildConfigurationList = 44BBA6732945CC53003601FA /* Build configuration list for PBXNativeTarget "WebViewVideo" */;
			buildPhases = (
				F2CA4E1D6EA2EFF306EC0224 /* [CP] Check Pods Manifest.lock */,
				44BBA65B2945CC51003601FA /* Sources */,
				44BBA65C2945CC51003601FA /* Frameworks */,
				44BBA65D2945CC51003601FA /* Resources */,
			);
			buildRules = (
			);
			dependencies = (
			);
			name = WebViewVideo;
			productName = WebViewVideo;
			productReference = 44BBA65F2945CC51003601FA /* WebViewVideo.app */;
			productType = "com.apple.product-type.application";
		};
/* End PBXNativeTarget section */

/* Begin PBXProject section */
		44BBA6572945CC51003601FA /* Project object */ = {
			isa = PBXProject;
			attributes = {
				BuildIndependentTargetsInParallel = 1;
				LastSwiftUpdateCheck = 1410;
				LastUpgradeCheck = 1410;
				TargetAttributes = {
					44BBA65E2945CC51003601FA = {
						CreatedOnToolsVersion = 14.1;
					};
				};
			};
			buildConfigurationList = 44BBA65A2945CC51003601FA /* Build configuration list for PBXProject "WebViewVideo" */;
			compatibilityVersion = "Xcode 14.0";
			developmentRegion = en;
			hasScannedForEncodings = 0;
			knownRegions = (
				en,
				Base,
			);
			mainGroup = 44BBA6562945CC51003601FA;
			productRefGroup = 44BBA6602945CC51003601FA /* Products */;
			projectDirPath = "";
			projectRoot = "";
			targets = (
				44BBA65E2945CC51003601FA /* WebViewVideo */,
			);
		};
/* End PBXProject section */

/* Begin PBXResourcesBuildPhase section */
		44BBA65D2945CC51003601FA /* Resources */ = {
			isa = PBXResourcesBuildPhase;
			buildActionMask = 2147483647;
			files = (
				44BBA66F2945CC53003601FA /* LaunchScreen.storyboard in Resources */,
				44BBA66C2945CC53003601FA /* Assets.xcassets in Resources */,
			);
			runOnlyForDeploymentPostprocessing = 0;
		};
/* End PBXResourcesBuildPhase section */

/* Begin PBXShellScriptBuildPhase section */
		F2CA4E1D6EA2EFF306EC0224 /* [CP] Check Pods Manifest.lock */ = {
			isa = PBXShellScriptBuildPhase;
			buildActionMask = 2147483647;
			files = (
			);
			inputFileListPaths = (
			);
			inputPaths = (
				"${PODS_PODFILE_DIR_PATH}/Podfile.lock",
				"${PODS_ROOT}/Manifest.lock",
			);
			name = "[CP] Check Pods Manifest.lock";
			outputFileListPaths = (
			);
			outputPaths = (
				"$(DERIVED_FILE_DIR)/Pods-WebViewVideo-checkManifestLockResult.txt",
			);
			runOnlyForDeploymentPostprocessing = 0;
			shellPath = /bin/sh;
			shellScript = "diff \"${PODS_PODFILE_DIR_PATH}/Podfile.lock\" \"${PODS_ROOT}/Manifest.lock\" > /dev/null\nif [ $? != 0 ] ; then\n    # print error to STDERR\n    echo \"error: The sandbox is not in sync with the Podfile.lock. Run 'pod install' or update your CocoaPods installation.\" >&2\n    exit 1\nfi\n# This output is used by Xcode 'outputs' to avoid re-running this script phase.\necho \"SUCCESS\" > \"${SCRIPT_OUTPUT_FILE_0}\"\n";
			showEnvVarsInLog = 0;
		};
/* End PBXShellScriptBuildPhase section */

/* Begin PBXSourcesBuildPhase section */
		44BBA65B2945CC51003601FA /* Sources */ = {
			isa = PBXSourcesBuildPhase;
			buildActionMask = 2147483647;
			files = (
				44BBA6672945CC51003601FA /* ViewController.swift in Sources */,
				44BBA6632945CC51003601FA /* AppDelegate.swift in Sources */,
				44BBA6782945CF96003601FA /* View+Extension.swift in Sources */,
				44C4623B29463121004CC83F /* VideoModel.swift in Sources */,
				44BBA6652945CC51003601FA /* SceneDelegate.swift in Sources */,
				44C4623E29463222004CC83F /* VideoTableViewCell.swift in Sources */,
				44C46240294638B6004CC83F /* DetailViewController.swift in Sources */,
				44C462422946410C004CC83F /* WebViewController.swift in Sources */,
			);
			runOnlyForDeploymentPostprocessing = 0;
		};
/* End PBXSourcesBuildPhase section */

/* Begin PBXVariantGroup section */
		44BBA66D2945CC53003601FA /* LaunchScreen.storyboard */ = {
			isa = PBXVariantGroup;
			children = (
				44BBA66E2945CC53003601FA /* Base */,
			);
			name = LaunchScreen.storyboard;
			sourceTree = "<group>";
		};
/* End PBXVariantGroup section */

/* Begin XCBuildConfiguration section */
		44BBA6712945CC53003601FA /* Debug */ = {
			isa = XCBuildConfiguration;
			buildSettings = {
				ALWAYS_SEARCH_USER_PATHS = NO;
				CLANG_ANALYZER_NONNULL = YES;
				CLANG_ANALYZER_NUMBER_OBJECT_CONVERSION = YES_AGGRESSIVE;
				CLANG_CXX_LANGUAGE_STANDARD = "gnu++20";
				CLANG_ENABLE_MODULES = YES;
				CLANG_ENABLE_OBJC_ARC = YES;
				CLANG_ENABLE_OBJC_WEAK = YES;
				CLANG_WARN_BLOCK_CAPTURE_AUTORELEASING = YES;
				CLANG_WARN_BOOL_CONVERSION = YES;
				CLANG_WARN_COMMA = YES;
				CLANG_WARN_CONSTANT_CONVERSION = YES;
				CLANG_WARN_DEPRECATED_OBJC_IMPLEMENTATIONS = YES;
				CLANG_WARN_DIRECT_OBJC_ISA_USAGE = YES_ERROR;
				CLANG_WARN_DOCUMENTATION_COMMENTS = YES;
				CLANG_WARN_EMPTY_BODY = YES;
				CLANG_WARN_ENUM_CONVERSION = YES;
				CLANG_WARN_INFINITE_RECURSION = YES;
				CLANG_WARN_INT_CONVERSION = YES;
				CLANG_WARN_NON_LITERAL_NULL_CONVERSION = YES;
				CLANG_WARN_OBJC_IMPLICIT_RETAIN_SELF = YES;
				CLANG_WARN_OBJC_LITERAL_CONVERSION = YES;
				CLANG_WARN_OBJC_ROOT_CLASS = YES_ERROR;
				CLANG_WARN_QUOTED_INCLUDE_IN_FRAMEWORK_HEADER = YES;
				CLANG_WARN_RANGE_LOOP_ANALYSIS = YES;
				CLANG_WARN_STRICT_PROTOTYPES = YES;
				CLANG_WARN_SUSPICIOUS_MOVE = YES;
				CLANG_WARN_UNGUARDED_AVAILABILITY = YES_AGGRESSIVE;
				CLANG_WARN_UNREACHABLE_CODE = YES;
				CLANG_WARN__DUPLICATE_METHOD_MATCH = YES;
				COPY_PHASE_STRIP = NO;
				DEBUG_INFORMATION_FORMAT = dwarf;
				ENABLE_STRICT_OBJC_MSGSEND = YES;
				ENABLE_TESTABILITY = YES;
				GCC_C_LANGUAGE_STANDARD = gnu11;
				GCC_DYNAMIC_NO_PIC = NO;
				GCC_NO_COMMON_BLOCKS = YES;
				GCC_OPTIMIZATION_LEVEL = 0;
				GCC_PREPROCESSOR_DEFINITIONS = (
					"DEBUG=1",
					"$(inherited)",
				);
				GCC_WARN_64_TO_32_BIT_CONVERSION = YES;
				GCC_WARN_ABOUT_RETURN_TYPE = YES_ERROR;
				GCC_WARN_UNDECLARED_SELECTOR = YES;
				GCC_WARN_UNINITIALIZED_AUTOS = YES_AGGRESSIVE;
				GCC_WARN_UNUSED_FUNCTION = YES;
				GCC_WARN_UNUSED_VARIABLE = YES;
				IPHONEOS_DEPLOYMENT_TARGET = 16.1;
				MTL_ENABLE_DEBUG_INFO = INCLUDE_SOURCE;
				MTL_FAST_MATH = YES;
				ONLY_ACTIVE_ARCH = YES;
				SDKROOT = iphoneos;
				SWIFT_ACTIVE_COMPILATION_CONDITIONS = DEBUG;
				SWIFT_OPTIMIZATION_LEVEL = "-Onone";
			};
			name = Debug;
		};
		44BBA6722945CC53003601FA /* Release */ = {
			isa = XCBuildConfiguration;
			buildSettings = {
				ALWAYS_SEARCH_USER_PATHS = NO;
				CLANG_ANALYZER_NONNULL = YES;
				CLANG_ANALYZER_NUMBER_OBJECT_CONVERSION = YES_AGGRESSIVE;
				CLANG_CXX_LANGUAGE_STANDARD = "gnu++20";
				CLANG_ENABLE_MODULES = YES;
				CLANG_ENABLE_OBJC_ARC = YES;
				CLANG_ENABLE_OBJC_WEAK = YES;
				CLANG_WARN_BLOCK_CAPTURE_AUTORELEASING = YES;
				CLANG_WARN_BOOL_CONVERSION = YES;
				CLANG_WARN_COMMA = YES;
				CLANG_WARN_CONSTANT_CONVERSION = YES;
				CLANG_WARN_DEPRECATED_OBJC_IMPLEMENTATIONS = YES;
				CLANG_WARN_DIRECT_OBJC_ISA_USAGE = YES_ERROR;
				CLANG_WARN_DOCUMENTATION_COMMENTS = YES;
				CLANG_WARN_EMPTY_BODY = YES;
				CLANG_WARN_ENUM_CONVERSION = YES;
				CLANG_WARN_INFINITE_RECURSION = YES;
				CLANG_WARN_INT_CONVERSION = YES;
				CLANG_WARN_NON_LITERAL_NULL_CONVERSION = YES;
				CLANG_WARN_OBJC_IMPLICIT_RETAIN_SELF = YES;
				CLANG_WARN_OBJC_LITERAL_CONVERSION = YES;
				CLANG_WARN_OBJC_ROOT_CLASS = YES_ERROR;
				CLANG_WARN_QUOTED_INCLUDE_IN_FRAMEWORK_HEADER = YES;
				CLANG_WARN_RANGE_LOOP_ANALYSIS = YES;
				CLANG_WARN_STRICT_PROTOTYPES = YES;
				CLANG_WARN_SUSPICIOUS_MOVE = YES;
				CLANG_WARN_UNGUARDED_AVAILABILITY = YES_AGGRESSIVE;
				CLANG_WARN_UNREACHABLE_CODE = YES;
				CLANG_WARN__DUPLICATE_METHOD_MATCH = YES;
				COPY_PHASE_STRIP = NO;
				DEBUG_INFORMATION_FORMAT = "dwarf-with-dsym";
				ENABLE_NS_ASSERTIONS = NO;
				ENABLE_STRICT_OBJC_MSGSEND = YES;
				GCC_C_LANGUAGE_STANDARD = gnu11;
				GCC_NO_COMMON_BLOCKS = YES;
				GCC_WARN_64_TO_32_BIT_CONVERSION = YES;
				GCC_WARN_ABOUT_RETURN_TYPE = YES_ERROR;
				GCC_WARN_UNDECLARED_SELECTOR = YES;
				GCC_WARN_UNINITIALIZED_AUTOS = YES_AGGRESSIVE;
				GCC_WARN_UNUSED_FUNCTION = YES;
				GCC_WARN_UNUSED_VARIABLE = YES;
				IPHONEOS_DEPLOYMENT_TARGET = 16.1;
				MTL_ENABLE_DEBUG_INFO = NO;
				MTL_FAST_MATH = YES;
				SDKROOT = iphoneos;
				SWIFT_COMPILATION_MODE = wholemodule;
				SWIFT_OPTIMIZATION_LEVEL = "-O";
				VALIDATE_PRODUCT = YES;
			};
			name = Release;
		};
		44BBA6742945CC53003601FA /* Debug */ = {
			isa = XCBuildConfiguration;
			baseConfigurationReference = 82E84A9400125C2E492148F4 /* Pods-WebViewVideo.debug.xcconfig */;
			buildSettings = {
				ASSETCATALOG_COMPILER_APPICON_NAME = AppIcon;
				ASSETCATALOG_COMPILER_GLOBAL_ACCENT_COLOR_NAME = AccentColor;
				CODE_SIGN_STYLE = Automatic;
				CURRENT_PROJECT_VERSION = 1;
				DEVELOPMENT_TEAM = MN5T7HL43G;
				GENERATE_INFOPLIST_FILE = YES;
				INFOPLIST_FILE = WebViewVideo/Info.plist;
				INFOPLIST_KEY_UIApplicationSupportsIndirectInputEvents = YES;
				INFOPLIST_KEY_UILaunchStoryboardName = LaunchScreen;
				INFOPLIST_KEY_UISupportedInterfaceOrientations_iPad = "UIInterfaceOrientationPortrait UIInterfaceOrientationPortraitUpsideDown UIInterfaceOrientationLandscapeLeft UIInterfaceOrientationLandscapeRight";
				INFOPLIST_KEY_UISupportedInterfaceOrientations_iPhone = "UIInterfaceOrientationPortrait UIInterfaceOrientationLandscapeLeft UIInterfaceOrientationLandscapeRight";
				LD_RUNPATH_SEARCH_PATHS = (
					"$(inherited)",
					"@executable_path/Frameworks",
				);
				MARKETING_VERSION = 1.0;
				PRODUCT_BUNDLE_IDENTIFIER = com.ikhwan.WebViewVideo;
				PRODUCT_NAME = "$(TARGET_NAME)";
				SWIFT_EMIT_LOC_STRINGS = YES;
				SWIFT_VERSION = 5.0;
				TARGETED_DEVICE_FAMILY = "1,2";
			};
			name = Debug;
		};
		44BBA6752945CC53003601FA /* Release */ = {
			isa = XCBuildConfiguration;
			baseConfigurationReference = FC1D691CF72941A3BF6FA1C7 /* Pods-WebViewVideo.release.xcconfig */;
			buildSettings = {
				ASSETCATALOG_COMPILER_APPICON_NAME = AppIcon;
				ASSETCATALOG_COMPILER_GLOBAL_ACCENT_COLOR_NAME = AccentColor;
				CODE_SIGN_STYLE = Automatic;
				CURRENT_PROJECT_VERSION = 1;
				DEVELOPMENT_TEAM = MN5T7HL43G;
				GENERATE_INFOPLIST_FILE = YES;
				INFOPLIST_FILE = WebViewVideo/Info.plist;
				INFOPLIST_KEY_UIApplicationSupportsIndirectInputEvents = YES;
				INFOPLIST_KEY_UILaunchStoryboardName = LaunchScreen;
				INFOPLIST_KEY_UISupportedInterfaceOrientations_iPad = "UIInterfaceOrientationPortrait UIInterfaceOrientationPortraitUpsideDown UIInterfaceOrientationLandscapeLeft UIInterfaceOrientationLandscapeRight";
				INFOPLIST_KEY_UISupportedInterfaceOrientations_iPhone = "UIInterfaceOrientationPortrait UIInterfaceOrientationLandscapeLeft UIInterfaceOrientationLandscapeRight";
				LD_RUNPATH_SEARCH_PATHS = (
					"$(inherited)",
					"@executable_path/Frameworks",
				);
				MARKETING_VERSION = 1.0;
				PRODUCT_BUNDLE_IDENTIFIER = com.ikhwan.WebViewVideo;
				PRODUCT_NAME = "$(TARGET_NAME)";
				SWIFT_EMIT_LOC_STRINGS = YES;
				SWIFT_VERSION = 5.0;
				TARGETED_DEVICE_FAMILY = "1,2";
			};
			name = Release;
		};
/* End XCBuildConfiguration section */

/* Begin XCConfigurationList section */
		44BBA65A2945CC51003601FA /* Build configuration list for PBXProject "WebViewVideo" */ = {
			isa = XCConfigurationList;
			buildConfigurations = (
				44BBA6712945CC53003601FA /* Debug */,
				44BBA6722945CC53003601FA /* Release */,
			);
			defaultConfigurationIsVisible = 0;
			defaultConfigurationName = Release;
		};
		44BBA6732945CC53003601FA /* Build configuration list for PBXNativeTarget "WebViewVideo" */ = {
			isa = XCConfigurationList;
			buildConfigurations = (
				44BBA6742945CC53003601FA /* Debug */,
				44BBA6752945CC53003601FA /* Release */,
			);
			defaultConfigurationIsVisible = 0;
			defaultConfigurationName = Release;
		};
/* End XCConfigurationList section */
	};
	rootObject = 44BBA6572945CC51003601FA /* Project object */;
}
